# @generated by Move, please check-in and do not edit manually.

[move]
version = 3
manifest_digest = "510BAE3D6F5D9C601D93DE4EA7BE6E12934AB71DCF52CF0F2AAF4EE4A2469976"
deps_digest = "F8BBB0CCB2491CA29A3DF03D6F92277A4F3574266507ACD77214D37ECA3F3082"
dependencies = [
  { id = "Sui", name = "Sui" },
]

[[move.package]]
id = "MoveStdlib"
source = { git = "https://github.com/MystenLabs/sui.git", rev = "framework/testnet", subdir = "crates/sui-framework/packages/move-stdlib" }

[[move.package]]
id = "Sui"
source = { git = "https://github.com/MystenLabs/sui.git", rev = "framework/testnet", subdir = "crates/sui-framework/packages/sui-framework" }

dependencies = [
  { id = "MoveStdlib", name = "MoveStdlib" },
]

[move.toolchain-version]
compiler-version = "1.48.1"
edition = "2024.beta"
flavor = "sui"

[env]

[env.testnet]
chain-id = "4c78adac"
original-published-id = "0x070a634a1dac9dfdb2d09cd5ae90b8e35efc91b11358e6612c3efcfd7df71819"
latest-published-id = "0x070a634a1dac9dfdb2d09cd5ae90b8e35efc91b11358e6612c3efcfd7df71819"
published-version = "1"
